
Microsoft Visual Studio Solution File, Format Version 12.00
# Visual Studio Version 16
VisualStudioVersion = 16.0.30804.86
MinimumVisualStudioVersion = 10.0.40219.1
Project("{FAE04EC0-301F-11D3-BF4B-00C04F79EFBC}") = "RunningCompetitors", "RunningCompetitors\RunningCompetitors.csproj", "{887B5F7B-F53D-4E0D-B943-E40CA857B6D2}"
EndProject
Global
	GlobalSection(SolutionConfigurationPlatforms) = preSolution
		Debug|Any CPU = Debug|Any CPU
		Release|Any CPU = Release|Any CPU
	EndGlobalSection
	GlobalSection(ProjectConfigurationPlatforms) = postSolution
		{887B5F7B-F53D-4E0D-B943-E40CA857B6D2}.Debug|Any CPU.ActiveCfg = Debug|Any CPU
		{887B5F7B-F53D-4E0D-B943-E40CA857B6D2}.Debug|Any CPU.Build.0 = Debug|Any CPU
		{887B5F7B-F53D-4E0D-B943-E40CA857B6D2}.Release|Any CPU.ActiveCfg = Release|Any CPU
		{887B5F7B-F53D-4E0D-B943-E40CA857B6D2}.Release|Any CPU.Build.0 = Release|Any CPU
	EndGlobalSection
	GlobalSection(SolutionProperties) = preSolution
		HideSolutionNode = FALSE
	EndGlobalSection
	GlobalSection(ExtensibilityGlobals) = postSolution
		SolutionGuid = {8D982C28-CA1D-40A1-9A4C-7FC1B2DFE644}
	EndGlobalSection
EndGlobal
